
Microsoft Visual Studio Solution File, Format Version 12.00
# Visual Studio Version 17
VisualStudioVersion = 17.0.31903.59
MinimumVisualStudioVersion = 10.0.40219.1
Project("{9A19103F-16F7-4668-BE54-9A1E7A4F7556}") = "TodoApplicationApi", "TodoApplicationApi\TodoApplicationApi.csproj", "{C2035887-C1F2-49B1-A154-AD3D7AEE9040}"
EndProject
Project("{9A19103F-16F7-4668-BE54-9A1E7A4F7556}") = "TodoApplicationApiTests", "TodoApplicationApiTests\TodoApplicationApiTests.csproj", "{AC809CC5-E19F-49C0-AF30-8627D8219AE6}"
EndProject
Global
	GlobalSection(SolutionConfigurationPlatforms) = preSolution
		Debug|Any CPU = Debug|Any CPU
		Release|Any CPU = Release|Any CPU
	EndGlobalSection
	GlobalSection(ProjectConfigurationPlatforms) = postSolution
		{C2035887-C1F2-49B1-A154-AD3D7AEE9040}.Debug|Any CPU.ActiveCfg = Debug|Any CPU
		{C2035887-C1F2-49B1-A154-AD3D7AEE9040}.Debug|Any CPU.Build.0 = Debug|Any CPU
		{C2035887-C1F2-49B1-A154-AD3D7AEE9040}.Release|Any CPU.ActiveCfg = Release|Any CPU
		{C2035887-C1F2-49B1-A154-AD3D7AEE9040}.Release|Any CPU.Build.0 = Release|Any CPU
		{AC809CC5-E19F-49C0-AF30-8627D8219AE6}.Debug|Any CPU.ActiveCfg = Debug|Any CPU
		{AC809CC5-E19F-49C0-AF30-8627D8219AE6}.Debug|Any CPU.Build.0 = Debug|Any CPU
		{AC809CC5-E19F-49C0-AF30-8627D8219AE6}.Release|Any CPU.ActiveCfg = Release|Any CPU
		{AC809CC5-E19F-49C0-AF30-8627D8219AE6}.Release|Any CPU.Build.0 = Release|Any CPU
	EndGlobalSection
	GlobalSection(SolutionProperties) = preSolution
		HideSolutionNode = FALSE
	EndGlobalSection
	GlobalSection(ExtensibilityGlobals) = postSolution
		SolutionGuid = {D80077CF-113B-4834-BAC9-E90967F7CF8F}
	EndGlobalSection
EndGlobal
